
Microsoft Visual Studio Solution File, Format Version 12.00
# Visual Studio Version 17
VisualStudioVersion = 17.5.33502.453
MinimumVisualStudioVersion = 10.0.40219.1
Project("{9A19103F-16F7-4668-BE54-9A1E7A4F7556}") = "PracticeInterface_10.1", "PracticeInterface_10.1\PracticeInterface_10.1.csproj", "{3955107A-ED77-4331-BC2C-AA9A4C9951E5}"
EndProject
Project("{9A19103F-16F7-4668-BE54-9A1E7A4F7556}") = "Screencast_10.1", "Screencast_10.1\Screencast_10.1.csproj", "{883EE31B-EF77-4273-A68F-F3F0A3BBF28E}"
EndProject
Project("{9A19103F-16F7-4668-BE54-9A1E7A4F7556}") = "Task_10.1.4", "Task_10.1.4\Task_10.1.4.csproj", "{4EA4F8F1-22E2-495D-AC68-45A42506022A}"
EndProject
Project("{9A19103F-16F7-4668-BE54-9A1E7A4F7556}") = "PracticeClasses", "PracticeClesses\PracticeClasses.csproj", "{71152612-92E3-4345-A079-6357D465D44C}"
EndProject
Project("{FAE04EC0-301F-11D3-BF4B-00C04F79EFBC}") = "Practice_10.2", "Practice_10.2\Practice_10.2.csproj", "{C0099468-9A65-4667-A022-24156CB2ECA2}"
EndProject
Global
	GlobalSection(SolutionConfigurationPlatforms) = preSolution
		Debug|Any CPU = Debug|Any CPU
		Release|Any CPU = Release|Any CPU
	EndGlobalSection
	GlobalSection(ProjectConfigurationPlatforms) = postSolution
		{3955107A-ED77-4331-BC2C-AA9A4C9951E5}.Debug|Any CPU.ActiveCfg = Debug|Any CPU
		{3955107A-ED77-4331-BC2C-AA9A4C9951E5}.Debug|Any CPU.Build.0 = Debug|Any CPU
		{3955107A-ED77-4331-BC2C-AA9A4C9951E5}.Release|Any CPU.ActiveCfg = Release|Any CPU
		{3955107A-ED77-4331-BC2C-AA9A4C9951E5}.Release|Any CPU.Build.0 = Release|Any CPU
		{883EE31B-EF77-4273-A68F-F3F0A3BBF28E}.Debug|Any CPU.ActiveCfg = Debug|Any CPU
		{883EE31B-EF77-4273-A68F-F3F0A3BBF28E}.Debug|Any CPU.Build.0 = Debug|Any CPU
		{883EE31B-EF77-4273-A68F-F3F0A3BBF28E}.Release|Any CPU.ActiveCfg = Release|Any CPU
		{883EE31B-EF77-4273-A68F-F3F0A3BBF28E}.Release|Any CPU.Build.0 = Release|Any CPU
		{4EA4F8F1-22E2-495D-AC68-45A42506022A}.Debug|Any CPU.ActiveCfg = Debug|Any CPU
		{4EA4F8F1-22E2-495D-AC68-45A42506022A}.Debug|Any CPU.Build.0 = Debug|Any CPU
		{4EA4F8F1-22E2-495D-AC68-45A42506022A}.Release|Any CPU.ActiveCfg = Release|Any CPU
		{4EA4F8F1-22E2-495D-AC68-45A42506022A}.Release|Any CPU.Build.0 = Release|Any CPU
		{71152612-92E3-4345-A079-6357D465D44C}.Debug|Any CPU.ActiveCfg = Debug|Any CPU
		{71152612-92E3-4345-A079-6357D465D44C}.Debug|Any CPU.Build.0 = Debug|Any CPU
		{71152612-92E3-4345-A079-6357D465D44C}.Release|Any CPU.ActiveCfg = Release|Any CPU
		{71152612-92E3-4345-A079-6357D465D44C}.Release|Any CPU.Build.0 = Release|Any CPU
		{C0099468-9A65-4667-A022-24156CB2ECA2}.Debug|Any CPU.ActiveCfg = Debug|Any CPU
		{C0099468-9A65-4667-A022-24156CB2ECA2}.Debug|Any CPU.Build.0 = Debug|Any CPU
		{C0099468-9A65-4667-A022-24156CB2ECA2}.Release|Any CPU.ActiveCfg = Release|Any CPU
		{C0099468-9A65-4667-A022-24156CB2ECA2}.Release|Any CPU.Build.0 = Release|Any CPU
	EndGlobalSection
	GlobalSection(SolutionProperties) = preSolution
		HideSolutionNode = FALSE
	EndGlobalSection
	GlobalSection(ExtensibilityGlobals) = postSolution
		SolutionGuid = {D5A8A0A3-546E-4BA3-98CE-AB2FA31B3CCA}
	EndGlobalSection
EndGlobal
