
Microsoft Visual Studio Solution File, Format Version 12.00
# Visual Studio Version 17
VisualStudioVersion = 17.5.33502.453
MinimumVisualStudioVersion = 10.0.40219.1
Project("{9A19103F-16F7-4668-BE54-9A1E7A4F7556}") = "PracticeInterface_10.1", "PracticeInterface_10.1\PracticeInterface_10.1.csproj", "{3955107A-ED77-4331-BC2C-AA9A4C9951E5}"
EndProject
Project("{9A19103F-16F7-4668-BE54-9A1E7A4F7556}") = "Screencast_10.1", "Screencast_10.1\Screencast_10.1.csproj", "{883EE31B-EF77-4273-A68F-F3F0A3BBF28E}"
EndProject
Project("{9A19103F-16F7-4668-BE54-9A1E7A4F7556}") = "Task_10.1.4", "Task_10.1.4\Task_10.1.4.csproj", "{4EA4F8F1-22E2-495D-AC68-45A42506022A}"
EndProject
Project("{9A19103F-16F7-4668-BE54-9A1E7A4F7556}") = "PracticeClasses", "PracticeClesses\PracticeClasses.csproj", "{71152612-92E3-4345-A079-6357D465D44C}"
EndProject
Project("{9A19103F-16F7-4668-BE54-9A1E7A4F7556}") = "Practice_10.2", "Practice_10.2\Practice_10.2.csproj", "{C0099468-9A65-4667-A022-24156CB2ECA2}"
EndProject
Project("{9A19103F-16F7-4668-BE54-9A1E7A4F7556}") = "Screencast_10.2", "Screencast_10.2\Screencast_10.2.csproj", "{3897AEE0-546A-4DEF-84B5-20E1F3220598}"
EndProject
Project("{9A19103F-16F7-4668-BE54-9A1E7A4F7556}") = "Task_10.2.2", "Task_10.2.2\Task_10.2.2.csproj", "{5FD5CC42-A03D-47BC-AB69-EC1B287A487D}"
EndProject
Project("{9A19103F-16F7-4668-BE54-9A1E7A4F7556}") = "Task_10.2.3", "Task_10.2.3\Task_10.2.3.csproj", "{61462A0E-66D2-4A35-B3A4-B3B8EFC16D65}"
EndProject
Project("{9A19103F-16F7-4668-BE54-9A1E7A4F7556}") = "Task_10.2.4", "Task_10.2.4\Task_10.2.4.csproj", "{9666A322-E3C9-4CE3-A25B-FBD2B4833925}"
EndProject
Project("{9A19103F-16F7-4668-BE54-9A1E7A4F7556}") = "Practice_10.3", "Practice_10.3\Practice_10.3.csproj", "{6AC5A7E5-3F2D-4C52-BBE8-7F5D9C8DB9A4}"
EndProject
Project("{9A19103F-16F7-4668-BE54-9A1E7A4F7556}") = "Screencast_10.3", "Screencast_10.3\Screencast_10.3.csproj", "{611C868E-61CF-46E4-9FD9-4226C720C469}"
EndProject
Project("{9A19103F-16F7-4668-BE54-9A1E7A4F7556}") = "Task_10.3.1", "Task_10.3.1\Task_10.3.1.csproj", "{7BDAE38A-0AB5-4BB8-8B34-84D4582BD8EB}"
EndProject
Project("{9A19103F-16F7-4668-BE54-9A1E7A4F7556}") = "Task_10.3.2", "Task_10.3.2\Task_10.3.2.csproj", "{9082FE6D-9198-4548-B320-57A41A86ADB9}"
EndProject
Project("{9A19103F-16F7-4668-BE54-9A1E7A4F7556}") = "Task_10.3.3", "Task_10.3.3\Task_10.3.3.csproj", "{B8790DF4-FE6A-4DBE-9A8F-B45F7429D276}"
EndProject
Project("{FAE04EC0-301F-11D3-BF4B-00C04F79EFBC}") = "Practice_10.4", "Practice_10.4\Practice_10.4.csproj", "{69E5638C-2A69-429C-9E3E-CB844D8B71AF}"
EndProject
Project("{FAE04EC0-301F-11D3-BF4B-00C04F79EFBC}") = "Task_10.4.4", "Task_10.4.4\Task_10.4.4.csproj", "{9EB4EAF6-D712-4CBC-9275-B8B0FCD459AA}"
EndProject
Project("{FAE04EC0-301F-11D3-BF4B-00C04F79EFBC}") = "Summator", "Summator\Summator.csproj", "{96A0EBF5-0B9D-4DB2-85C2-4A85D8A47689}"
EndProject
Global
	GlobalSection(SolutionConfigurationPlatforms) = preSolution
		Debug|Any CPU = Debug|Any CPU
		Release|Any CPU = Release|Any CPU
	EndGlobalSection
	GlobalSection(ProjectConfigurationPlatforms) = postSolution
		{3955107A-ED77-4331-BC2C-AA9A4C9951E5}.Debug|Any CPU.ActiveCfg = Debug|Any CPU
		{3955107A-ED77-4331-BC2C-AA9A4C9951E5}.Debug|Any CPU.Build.0 = Debug|Any CPU
		{3955107A-ED77-4331-BC2C-AA9A4C9951E5}.Release|Any CPU.ActiveCfg = Release|Any CPU
		{3955107A-ED77-4331-BC2C-AA9A4C9951E5}.Release|Any CPU.Build.0 = Release|Any CPU
		{883EE31B-EF77-4273-A68F-F3F0A3BBF28E}.Debug|Any CPU.ActiveCfg = Debug|Any CPU
		{883EE31B-EF77-4273-A68F-F3F0A3BBF28E}.Debug|Any CPU.Build.0 = Debug|Any CPU
		{883EE31B-EF77-4273-A68F-F3F0A3BBF28E}.Release|Any CPU.ActiveCfg = Release|Any CPU
		{883EE31B-EF77-4273-A68F-F3F0A3BBF28E}.Release|Any CPU.Build.0 = Release|Any CPU
		{4EA4F8F1-22E2-495D-AC68-45A42506022A}.Debug|Any CPU.ActiveCfg = Debug|Any CPU
		{4EA4F8F1-22E2-495D-AC68-45A42506022A}.Debug|Any CPU.Build.0 = Debug|Any CPU
		{4EA4F8F1-22E2-495D-AC68-45A42506022A}.Release|Any CPU.ActiveCfg = Release|Any CPU
		{4EA4F8F1-22E2-495D-AC68-45A42506022A}.Release|Any CPU.Build.0 = Release|Any CPU
		{71152612-92E3-4345-A079-6357D465D44C}.Debug|Any CPU.ActiveCfg = Debug|Any CPU
		{71152612-92E3-4345-A079-6357D465D44C}.Debug|Any CPU.Build.0 = Debug|Any CPU
		{71152612-92E3-4345-A079-6357D465D44C}.Release|Any CPU.ActiveCfg = Release|Any CPU
		{71152612-92E3-4345-A079-6357D465D44C}.Release|Any CPU.Build.0 = Release|Any CPU
		{C0099468-9A65-4667-A022-24156CB2ECA2}.Debug|Any CPU.ActiveCfg = Debug|Any CPU
		{C0099468-9A65-4667-A022-24156CB2ECA2}.Debug|Any CPU.Build.0 = Debug|Any CPU
		{C0099468-9A65-4667-A022-24156CB2ECA2}.Release|Any CPU.ActiveCfg = Release|Any CPU
		{C0099468-9A65-4667-A022-24156CB2ECA2}.Release|Any CPU.Build.0 = Release|Any CPU
		{3897AEE0-546A-4DEF-84B5-20E1F3220598}.Debug|Any CPU.ActiveCfg = Debug|Any CPU
		{3897AEE0-546A-4DEF-84B5-20E1F3220598}.Debug|Any CPU.Build.0 = Debug|Any CPU
		{3897AEE0-546A-4DEF-84B5-20E1F3220598}.Release|Any CPU.ActiveCfg = Release|Any CPU
		{3897AEE0-546A-4DEF-84B5-20E1F3220598}.Release|Any CPU.Build.0 = Release|Any CPU
		{5FD5CC42-A03D-47BC-AB69-EC1B287A487D}.Debug|Any CPU.ActiveCfg = Debug|Any CPU
		{5FD5CC42-A03D-47BC-AB69-EC1B287A487D}.Debug|Any CPU.Build.0 = Debug|Any CPU
		{5FD5CC42-A03D-47BC-AB69-EC1B287A487D}.Release|Any CPU.ActiveCfg = Release|Any CPU
		{5FD5CC42-A03D-47BC-AB69-EC1B287A487D}.Release|Any CPU.Build.0 = Release|Any CPU
		{61462A0E-66D2-4A35-B3A4-B3B8EFC16D65}.Debug|Any CPU.ActiveCfg = Debug|Any CPU
		{61462A0E-66D2-4A35-B3A4-B3B8EFC16D65}.Debug|Any CPU.Build.0 = Debug|Any CPU
		{61462A0E-66D2-4A35-B3A4-B3B8EFC16D65}.Release|Any CPU.ActiveCfg = Release|Any CPU
		{61462A0E-66D2-4A35-B3A4-B3B8EFC16D65}.Release|Any CPU.Build.0 = Release|Any CPU
		{9666A322-E3C9-4CE3-A25B-FBD2B4833925}.Debug|Any CPU.ActiveCfg = Debug|Any CPU
		{9666A322-E3C9-4CE3-A25B-FBD2B4833925}.Debug|Any CPU.Build.0 = Debug|Any CPU
		{9666A322-E3C9-4CE3-A25B-FBD2B4833925}.Release|Any CPU.ActiveCfg = Release|Any CPU
		{9666A322-E3C9-4CE3-A25B-FBD2B4833925}.Release|Any CPU.Build.0 = Release|Any CPU
		{6AC5A7E5-3F2D-4C52-BBE8-7F5D9C8DB9A4}.Debug|Any CPU.ActiveCfg = Debug|Any CPU
		{6AC5A7E5-3F2D-4C52-BBE8-7F5D9C8DB9A4}.Debug|Any CPU.Build.0 = Debug|Any CPU
		{6AC5A7E5-3F2D-4C52-BBE8-7F5D9C8DB9A4}.Release|Any CPU.ActiveCfg = Release|Any CPU
		{6AC5A7E5-3F2D-4C52-BBE8-7F5D9C8DB9A4}.Release|Any CPU.Build.0 = Release|Any CPU
		{611C868E-61CF-46E4-9FD9-4226C720C469}.Debug|Any CPU.ActiveCfg = Debug|Any CPU
		{611C868E-61CF-46E4-9FD9-4226C720C469}.Debug|Any CPU.Build.0 = Debug|Any CPU
		{611C868E-61CF-46E4-9FD9-4226C720C469}.Release|Any CPU.ActiveCfg = Release|Any CPU
		{611C868E-61CF-46E4-9FD9-4226C720C469}.Release|Any CPU.Build.0 = Release|Any CPU
		{7BDAE38A-0AB5-4BB8-8B34-84D4582BD8EB}.Debug|Any CPU.ActiveCfg = Debug|Any CPU
		{7BDAE38A-0AB5-4BB8-8B34-84D4582BD8EB}.Debug|Any CPU.Build.0 = Debug|Any CPU
		{7BDAE38A-0AB5-4BB8-8B34-84D4582BD8EB}.Release|Any CPU.ActiveCfg = Release|Any CPU
		{7BDAE38A-0AB5-4BB8-8B34-84D4582BD8EB}.Release|Any CPU.Build.0 = Release|Any CPU
		{9082FE6D-9198-4548-B320-57A41A86ADB9}.Debug|Any CPU.ActiveCfg = Debug|Any CPU
		{9082FE6D-9198-4548-B320-57A41A86ADB9}.Debug|Any CPU.Build.0 = Debug|Any CPU
		{9082FE6D-9198-4548-B320-57A41A86ADB9}.Release|Any CPU.ActiveCfg = Release|Any CPU
		{9082FE6D-9198-4548-B320-57A41A86ADB9}.Release|Any CPU.Build.0 = Release|Any CPU
		{B8790DF4-FE6A-4DBE-9A8F-B45F7429D276}.Debug|Any CPU.ActiveCfg = Debug|Any CPU
		{B8790DF4-FE6A-4DBE-9A8F-B45F7429D276}.Debug|Any CPU.Build.0 = Debug|Any CPU
		{B8790DF4-FE6A-4DBE-9A8F-B45F7429D276}.Release|Any CPU.ActiveCfg = Release|Any CPU
		{B8790DF4-FE6A-4DBE-9A8F-B45F7429D276}.Release|Any CPU.Build.0 = Release|Any CPU
		{69E5638C-2A69-429C-9E3E-CB844D8B71AF}.Debug|Any CPU.ActiveCfg = Debug|Any CPU
		{69E5638C-2A69-429C-9E3E-CB844D8B71AF}.Debug|Any CPU.Build.0 = Debug|Any CPU
		{69E5638C-2A69-429C-9E3E-CB844D8B71AF}.Release|Any CPU.ActiveCfg = Release|Any CPU
		{69E5638C-2A69-429C-9E3E-CB844D8B71AF}.Release|Any CPU.Build.0 = Release|Any CPU
		{9EB4EAF6-D712-4CBC-9275-B8B0FCD459AA}.Debug|Any CPU.ActiveCfg = Debug|Any CPU
		{9EB4EAF6-D712-4CBC-9275-B8B0FCD459AA}.Debug|Any CPU.Build.0 = Debug|Any CPU
		{9EB4EAF6-D712-4CBC-9275-B8B0FCD459AA}.Release|Any CPU.ActiveCfg = Release|Any CPU
		{9EB4EAF6-D712-4CBC-9275-B8B0FCD459AA}.Release|Any CPU.Build.0 = Release|Any CPU
		{96A0EBF5-0B9D-4DB2-85C2-4A85D8A47689}.Debug|Any CPU.ActiveCfg = Debug|Any CPU
		{96A0EBF5-0B9D-4DB2-85C2-4A85D8A47689}.Debug|Any CPU.Build.0 = Debug|Any CPU
		{96A0EBF5-0B9D-4DB2-85C2-4A85D8A47689}.Release|Any CPU.ActiveCfg = Release|Any CPU
		{96A0EBF5-0B9D-4DB2-85C2-4A85D8A47689}.Release|Any CPU.Build.0 = Release|Any CPU
	EndGlobalSection
	GlobalSection(SolutionProperties) = preSolution
		HideSolutionNode = FALSE
	EndGlobalSection
	GlobalSection(ExtensibilityGlobals) = postSolution
		SolutionGuid = {D5A8A0A3-546E-4BA3-98CE-AB2FA31B3CCA}
	EndGlobalSection
EndGlobal
